{
  "version": 4,
  "terraform_version": "1.11.3",
  "serial": 12,
  "lineage": "700ba3b9-8136-baad-6d2e-c0016ee42da1",
  "outputs": {},
  "resources": [
    {
      "mode": "data",
      "type": "azurerm_client_config",
      "name": "current",
      "provider": "provider[\"registry.terraform.io/hashicorp/azurerm\"]",
      "instances": [
        {
          "schema_version": 0,
          "attributes": {
            "client_id": "04b07795-8ddb-461a-bbee-02f9e1bf7b46",
            "id": "Y2xpZW50Q29uZmlncy9jbGllbnRJZD0wNGIwNzc5NS04ZGRiLTQ2MWEtYmJlZS0wMmY5ZTFiZjdiNDY7b2JqZWN0SWQ9MjFiOGEwM2UtNjVmZS00OWEwLWE2NTAtYWMxMjE0Mzg3MmQ1O3N1YnNjcmlwdGlvbklkPTI2ODAxYjE2LTAyZjAtNDU4ZS04ZTQyLTg2M2U4YzU2ZTJmODt0ZW5hbnRJZD0xNGY3NWEyYi01MzRmLTRiODMtODAwZC04MjdlZWQxMDliYzU=",
            "object_id": "21b8a03e-65fe-49a0-a650-ac12143872d5",
            "subscription_id": "26801b16-02f0-458e-8e42-863e8c56e2f8",
            "tenant_id": "14f75a2b-534f-4b83-800d-827eed109bc5",
            "timeouts": null
          },
          "sensitive_attributes": []
        }
      ]
    },
    {
      "mode": "managed",
      "type": "azurerm_resource_group",
      "name": "subscription_rg",
      "provider": "provider[\"registry.terraform.io/hashicorp/azurerm\"]",
      "instances": [
        {
          "schema_version": 0,
          "attributes": {
            "id": "/subscriptions/26801b16-02f0-458e-8e42-863e8c56e2f8/resourceGroups/subscriptionservicerg",
            "location": "australiasoutheast",
            "managed_by": "",
            "name": "subscriptionservicerg",
            "tags": null,
            "timeouts": null
          },
          "sensitive_attributes": [],
          "private": "eyJlMmJmYjczMC1lY2FhLTExZTYtOGY4OC0zNDM2M2JjN2M0YzAiOnsiY3JlYXRlIjo1NDAwMDAwMDAwMDAwLCJkZWxldGUiOjU0MDAwMDAwMDAwMDAsInJlYWQiOjMwMDAwMDAwMDAwMCwidXBkYXRlIjo1NDAwMDAwMDAwMDAwfX0="
        }
      ]
    }
  ],
  "check_results": null
}
