{
  "version": 4,
  "terraform_version": "1.11.3",
  "serial": 5,
  "lineage": "700ba3b9-8136-baad-6d2e-c0016ee42da1",
  "outputs": {},
  "resources": [
    {
      "mode": "data",
      "type": "azurerm_client_config",
      "name": "current",
      "provider": "provider[\"registry.terraform.io/hashicorp/azurerm\"]",
      "instances": [
        {
          "schema_version": 0,
          "attributes": {
            "client_id": "04b07795-8ddb-461a-bbee-02f9e1bf7b46",
            "id": "Y2xpZW50Q29uZmlncy9jbGllbnRJZD0wNGIwNzc5NS04ZGRiLTQ2MWEtYmJlZS0wMmY5ZTFiZjdiNDY7b2JqZWN0SWQ9MjFiOGEwM2UtNjVmZS00OWEwLWE2NTAtYWMxMjE0Mzg3MmQ1O3N1YnNjcmlwdGlvbklkPTI2ODAxYjE2LTAyZjAtNDU4ZS04ZTQyLTg2M2U4YzU2ZTJmODt0ZW5hbnRJZD0xNGY3NWEyYi01MzRmLTRiODMtODAwZC04MjdlZWQxMDliYzU=",
            "object_id": "21b8a03e-65fe-49a0-a650-ac12143872d5",
            "subscription_id": "26801b16-02f0-458e-8e42-863e8c56e2f8",
            "tenant_id": "14f75a2b-534f-4b83-800d-827eed109bc5",
            "timeouts": null
          },
          "sensitive_attributes": []
        }
      ]
    },
    {
      "mode": "managed",
      "type": "azurerm_key_vault",
      "name": "key_vault",
      "provider": "provider[\"registry.terraform.io/hashicorp/azurerm\"]",
      "instances": [
        {
          "schema_version": 2,
          "attributes": {
            "access_policy": [
              {
                "application_id": "",
                "certificate_permissions": null,
                "key_permissions": null,
                "object_id": "21b8a03e-65fe-49a0-a650-ac12143872d5",
                "secret_permissions": [
                  "Get",
                  "List",
                  "Set",
                  "Delete"
                ],
                "storage_permissions": null,
                "tenant_id": "14f75a2b-534f-4b83-800d-827eed109bc5"
              }
            ],
            "contact": [],
            "enable_rbac_authorization": false,
            "enabled_for_deployment": false,
            "enabled_for_disk_encryption": false,
            "enabled_for_template_deployment": false,
            "id": "/subscriptions/26801b16-02f0-458e-8e42-863e8c56e2f8/resourceGroups/subscriptionservicerg/providers/Microsoft.KeyVault/vaults/subservicevault",
            "location": "eastus",
            "name": "subservicevault",
            "network_acls": [
              {
                "bypass": "AzureServices",
                "default_action": "Allow",
                "ip_rules": [],
                "virtual_network_subnet_ids": []
              }
            ],
            "public_network_access_enabled": true,
            "purge_protection_enabled": false,
            "resource_group_name": "subscriptionservicerg",
            "sku_name": "standard",
            "soft_delete_retention_days": 90,
            "tags": null,
            "tenant_id": "14f75a2b-534f-4b83-800d-827eed109bc5",
            "timeouts": null,
            "vault_uri": "https://subservicevault.vault.azure.net/"
          },
          "sensitive_attributes": [],
          "private": "eyJlMmJmYjczMC1lY2FhLTExZTYtOGY4OC0zNDM2M2JjN2M0YzAiOnsiY3JlYXRlIjoxODAwMDAwMDAwMDAwLCJkZWxldGUiOjE4MDAwMDAwMDAwMDAsInJlYWQiOjMwMDAwMDAwMDAwMCwidXBkYXRlIjoxODAwMDAwMDAwMDAwfSwic2NoZW1hX3ZlcnNpb24iOiIyIn0=",
          "dependencies": [
            "azurerm_resource_group.subscription_rg",
            "data.azurerm_client_config.current"
          ]
        }
      ]
    },
    {
      "mode": "managed",
      "type": "azurerm_resource_group",
      "name": "subscription_rg",
      "provider": "provider[\"registry.terraform.io/hashicorp/azurerm\"]",
      "instances": [
        {
          "schema_version": 0,
          "attributes": {
            "id": "/subscriptions/26801b16-02f0-458e-8e42-863e8c56e2f8/resourceGroups/subscriptionservicerg",
            "location": "eastus",
            "managed_by": "",
            "name": "subscriptionservicerg",
            "tags": null,
            "timeouts": null
          },
          "sensitive_attributes": [],
          "private": "eyJlMmJmYjczMC1lY2FhLTExZTYtOGY4OC0zNDM2M2JjN2M0YzAiOnsiY3JlYXRlIjo1NDAwMDAwMDAwMDAwLCJkZWxldGUiOjU0MDAwMDAwMDAwMDAsInJlYWQiOjMwMDAwMDAwMDAwMCwidXBkYXRlIjo1NDAwMDAwMDAwMDAwfX0="
        }
      ]
    }
  ],
  "check_results": null
}
